
Microsoft Visual Studio Solution File, Format Version 12.00
Project("{FAE04EC0-301F-11D3-BF4B-00C04F79EFBC}") = "StoreMaterials", "StoreMaterials\StoreMaterials.csproj", "{98C13072-5AD6-404D-A17A-81E6ABF4B819}"
EndProject
Global
	GlobalSection(SolutionConfigurationPlatforms) = preSolution
		Debug|Any CPU = Debug|Any CPU
		Release|Any CPU = Release|Any CPU
	EndGlobalSection
	GlobalSection(ProjectConfigurationPlatforms) = postSolution
		{98C13072-5AD6-404D-A17A-81E6ABF4B819}.Debug|Any CPU.ActiveCfg = Debug|Any CPU
		{98C13072-5AD6-404D-A17A-81E6ABF4B819}.Debug|Any CPU.Build.0 = Debug|Any CPU
		{98C13072-5AD6-404D-A17A-81E6ABF4B819}.Release|Any CPU.ActiveCfg = Release|Any CPU
		{98C13072-5AD6-404D-A17A-81E6ABF4B819}.Release|Any CPU.Build.0 = Release|Any CPU
	EndGlobalSection
EndGlobal
